
Microsoft Visual Studio Solution File, Format Version 12.00
# Visual Studio Version 17
VisualStudioVersion = 17.5.33530.505
MinimumVisualStudioVersion = 10.0.40219.1
Project("{9A19103F-16F7-4668-BE54-9A1E7A4F7556}") = "ProductService", "ProductService\ProductService.csproj", "{5A19CE4E-2A80-468C-BDE1-23C173E8412C}"
EndProject
Project("{9A19103F-16F7-4668-BE54-9A1E7A4F7556}") = "gRPCOrderService", "gRPCOrderService\gRPCOrderService.csproj", "{BEFD34C6-43F5-4A2D-8460-CE67C465BB86}"
EndProject
Project("{9A19103F-16F7-4668-BE54-9A1E7A4F7556}") = "RabbitMQNotificationService2", "RabbitMQNotificationService2\RabbitMQNotificationService2.csproj", "{207228A4-2355-4D82-8C01-2D09EF82F08D}"
EndProject
Project("{9A19103F-16F7-4668-BE54-9A1E7A4F7556}") = "RabbitMQNotificationService1", "RabbitMQNotificationService1\RabbitMQNotificationService1.csproj", "{CCDD9359-7EEA-4374-B737-839326720B3D}"
EndProject
Global
	GlobalSection(SolutionConfigurationPlatforms) = preSolution
		Debug|Any CPU = Debug|Any CPU
		Release|Any CPU = Release|Any CPU
	EndGlobalSection
	GlobalSection(ProjectConfigurationPlatforms) = postSolution
		{5A19CE4E-2A80-468C-BDE1-23C173E8412C}.Debug|Any CPU.ActiveCfg = Debug|Any CPU
		{5A19CE4E-2A80-468C-BDE1-23C173E8412C}.Debug|Any CPU.Build.0 = Debug|Any CPU
		{5A19CE4E-2A80-468C-BDE1-23C173E8412C}.Release|Any CPU.ActiveCfg = Release|Any CPU
		{5A19CE4E-2A80-468C-BDE1-23C173E8412C}.Release|Any CPU.Build.0 = Release|Any CPU
		{BEFD34C6-43F5-4A2D-8460-CE67C465BB86}.Debug|Any CPU.ActiveCfg = Debug|Any CPU
		{BEFD34C6-43F5-4A2D-8460-CE67C465BB86}.Debug|Any CPU.Build.0 = Debug|Any CPU
		{BEFD34C6-43F5-4A2D-8460-CE67C465BB86}.Release|Any CPU.ActiveCfg = Release|Any CPU
		{BEFD34C6-43F5-4A2D-8460-CE67C465BB86}.Release|Any CPU.Build.0 = Release|Any CPU
		{207228A4-2355-4D82-8C01-2D09EF82F08D}.Debug|Any CPU.ActiveCfg = Debug|Any CPU
		{207228A4-2355-4D82-8C01-2D09EF82F08D}.Debug|Any CPU.Build.0 = Debug|Any CPU
		{207228A4-2355-4D82-8C01-2D09EF82F08D}.Release|Any CPU.ActiveCfg = Release|Any CPU
		{207228A4-2355-4D82-8C01-2D09EF82F08D}.Release|Any CPU.Build.0 = Release|Any CPU
		{CCDD9359-7EEA-4374-B737-839326720B3D}.Debug|Any CPU.ActiveCfg = Debug|Any CPU
		{CCDD9359-7EEA-4374-B737-839326720B3D}.Debug|Any CPU.Build.0 = Debug|Any CPU
		{CCDD9359-7EEA-4374-B737-839326720B3D}.Release|Any CPU.ActiveCfg = Release|Any CPU
		{CCDD9359-7EEA-4374-B737-839326720B3D}.Release|Any CPU.Build.0 = Release|Any CPU
	EndGlobalSection
	GlobalSection(SolutionProperties) = preSolution
		HideSolutionNode = FALSE
	EndGlobalSection
	GlobalSection(ExtensibilityGlobals) = postSolution
		SolutionGuid = {635ADAFA-BBAF-4029-8DC2-6AC2AE159D7F}
	EndGlobalSection
EndGlobal
